{
    "_meta": {
        "hash": {
            "sha256": "74c633e6406e4aefc071092aa738095ceeba1004448d06379bc5f8ebf9080be1"
        },
        "pipfile-spec": 6,
        "requires": {},
        "sources": [
            {
                "name": "pypi",
                "url": "https://pypi.python.org/simple",
                "verify_ssl": true
            }
        ]
    },
    "default": {
        "cached-property": {
            "hashes": [
                "sha256:6e6935ec62567fbcbc346fad84fcea9bc77e3547b7267e62bc5b7ed8e5438ae8",
                "sha256:a2fa0f89dd422f7e5dd992a4a3e0ce209d5d1e47a4db28fd0a7b5273ec8da3f0"
            ],
            "index": "pypi",
            "version": "==1.4.0"
        },
        "certifi": {
            "hashes": [
                "sha256:e4f3620cfea4f83eedc95b24abd9cd56f3c4b146dd0177e83a21b4eb49e21e50",
                "sha256:fd7c7c74727ddcf00e9acd26bba8da604ffec95bf1c2144e67aff7a8b50e6cef"
            ],
            "version": "==2019.9.11"
        },
        "chardet": {
            "hashes": [
                "sha256:84ab92ed1c4d4f16916e05906b6b75a6c0fb5db821cc65e70cbd64a3e2a5eaae",
                "sha256:fc323ffcaeaed0e0a02bf4d117757b98aed530d9ed4531e3e15460124c106691"
            ],
            "version": "==3.0.4"
        },
        "cssselect": {
            "hashes": [
                "sha256:066d8bc5229af09617e24b3ca4d52f1f9092d9e061931f4184cd572885c23204",
                "sha256:3b5103e8789da9e936a68d993b70df732d06b8bb9a337a05ed4eb52c17ef7206"
            ],
            "index": "pypi",
            "version": "==1.0.3"
        },
        "esprima": {
            "hashes": [
                "sha256:47c4cffc92082a168210fcd5edcbd484cbd72e2516210f8d00afb0b852d117c9"
            ],
            "index": "pypi",
            "version": "==4.0.0.dev12"
        },
        "idna": {
            "hashes": [
                "sha256:156a6814fb5ac1fc6850fb002e0852d56c0c8d2531923a51032d1b70760e186e",
                "sha256:684a38a6f903c1d71d6d5fac066b58d7768af4de2b832e426ec79c30daa94a16"
            ],
            "version": "==2.7"
        },
        "lxml": {
            "hashes": [
                "sha256:01c45df6d90497c20aa2a07789a41941f9a1029faa30bf725fc7f6d515b1afe9",
                "sha256:0c9fef4f8d444e337df96c54544aeb85b7215b2ed7483bb6c35de97ac99f1bcd",
                "sha256:0e3cd94c95d30ba9ca3cff40e9b2a14e1a10a4fd8131105b86c6b61648f57e4b",
                "sha256:0e7996e9b46b4d8b4ac1c329a00e2d10edcd8380b95d2a676fccabf4c1dd0512",
                "sha256:1858b1933d483ec5727549d3fe166eeb54229fbd6a9d3d7ea26d2c8a28048058",
                "sha256:1b164bba1320b14905dcff77da10d5ce9c411ac4acc4fb4ed9a2a4d10fae38c9",
                "sha256:1b46f37927fa6cd1f3fe34b54f1a23bd5bea1d905657289e08e1297069a1a597",
                "sha256:231047b05907315ae9a9b6925751f9fd2c479cf7b100fff62485a25e382ca0d4",
                "sha256:28f0c6652c1b130f1e576b60532f84b19379485eb8da6185c29bd8c9c9bc97bf",
                "sha256:34d49d0f72dd82b9530322c48b70ac78cca0911275da741c3b1d2f3603c5f295",
                "sha256:3682a17fbf72d56d7e46db2e80ca23850b79c28cfe75dcd9b82f58808f730909",
                "sha256:3cf2830b9a6ad7f6e965fa53a768d4d2372a7856f20ffa6ce43d2fe9c0d34b19",
                "sha256:5b653c9379ce29ce271fbe1010c5396670f018e78b643e21beefbb3dc6d291de",
                "sha256:65a272821d5d8194358d6b46f3ca727fa56a6b63981606eac737c86d27309cdd",
                "sha256:691f2cd97cf026c611df1ea5055755eec7f878f2d4f4330dc8686583de6fc5fd",
                "sha256:6b6379495d3baacf7ed755ac68547c8dff6ce5d37bf370f0b7678888dc1283f9",
                "sha256:75322a531504d4f383264391d89993a42e286da8821ddc5ac315e57305cb84f0",
                "sha256:7f457cbda964257f443bac861d3a36732dcba8183149e7818ee2fb7c86901b94",
                "sha256:7ff1fc76d8804e0f870c343a72007ff587090c218b0f92d8ee784ac2b6eaf5b9",
                "sha256:8523fbde9c2216f3f2b950cb01ebe52e785eaa8a07ffeb456dd3576ca1b4fb9b",
                "sha256:8f37627f16e026523fca326f1b5c9a43534862fede6c3e99c2ba6a776d75c1ab",
                "sha256:a7182ea298cc3555ea56ffbb0748fe0d5e0d81451e2bc16d7f4645cd01b1ca70",
                "sha256:abbd2fb4a5a04c11b5e04eb146659a0cf67bb237dd3d7ca3b9994d3a9f826e55",
                "sha256:accc9f6b77bed0a6f267b4fae120f6008a951193d548cdbe9b61fc98a08b1cf8",
                "sha256:bd88c8ce0d1504fdfd96a35911dd4f3edfb2e560d7cfdb5a3d09aa571ae5fbae",
                "sha256:c557ad647facb3c0027a9d0af58853f905e85a0a2f04dcb73f8e665272fcdc3a",
                "sha256:defabb7fbb99f9f7b3e0b24b286a46855caef4776495211b066e9e6592d12b04",
                "sha256:e2629cdbcad82b83922a3488937632a4983ecc0fed3e5cfbf430d069382eeb9b"
            ],
            "index": "pypi",
            "version": "==4.2.1"
        },
        "requests": {
            "hashes": [
                "sha256:99dcfdaaeb17caf6e526f32b6a7b780461512ab3f1d992187801694cba42770c",
                "sha256:a84b8c9ab6239b578f22d1c21d51b696dcfe004032bb80ea832398d6909d7279"
            ],
            "index": "pypi",
            "version": "==2.20.0"
        },
        "selenium": {
            "hashes": [
                "sha256:2b6f018e55f50e9c67a67caec2f73f806f72c162fb38cf3ea79e0a8f6506bf56",
                "sha256:5841fb30c3965866220c34d16de8e3d091e2833fcac385160a63db0c3522a297"
            ],
            "index": "pypi",
            "version": "==3.11.0"
        },
        "urllib3": {
            "hashes": [
                "sha256:2393a695cd12afedd0dcb26fe5d50d0cf248e5a66f75dbd89a3d4eb333a61af4",
                "sha256:a637e5fae88995b256e3409dc4d52c2e2e0ba32c42a6365fee8bbd2238de3cfb"
            ],
            "version": "==1.24.3"
        }
    },
    "develop": {
        "certifi": {
            "hashes": [
                "sha256:e4f3620cfea4f83eedc95b24abd9cd56f3c4b146dd0177e83a21b4eb49e21e50",
                "sha256:fd7c7c74727ddcf00e9acd26bba8da604ffec95bf1c2144e67aff7a8b50e6cef"
            ],
            "version": "==2019.9.11"
        },
        "chardet": {
            "hashes": [
                "sha256:84ab92ed1c4d4f16916e05906b6b75a6c0fb5db821cc65e70cbd64a3e2a5eaae",
                "sha256:fc323ffcaeaed0e0a02bf4d117757b98aed530d9ed4531e3e15460124c106691"
            ],
            "version": "==3.0.4"
        },
        "idna": {
            "hashes": [
                "sha256:156a6814fb5ac1fc6850fb002e0852d56c0c8d2531923a51032d1b70760e186e",
                "sha256:684a38a6f903c1d71d6d5fac066b58d7768af4de2b832e426ec79c30daa94a16"
            ],
            "version": "==2.7"
        },
        "pkginfo": {
            "hashes": [
                "sha256:7424f2c8511c186cd5424bbf31045b77435b37a8d604990b79d4e70d741148bb",
                "sha256:a6d9e40ca61ad3ebd0b72fbadd4fba16e4c0e4df0428c041e01e06eb6ee71f32"
            ],
            "version": "==1.5.0.1"
        },
        "requests": {
            "hashes": [
                "sha256:99dcfdaaeb17caf6e526f32b6a7b780461512ab3f1d992187801694cba42770c",
                "sha256:a84b8c9ab6239b578f22d1c21d51b696dcfe004032bb80ea832398d6909d7279"
            ],
            "index": "pypi",
            "version": "==2.20.0"
        },
        "requests-toolbelt": {
            "hashes": [
                "sha256:380606e1d10dc85c3bd47bf5a6095f815ec007be7a8b69c878507068df059e6f",
                "sha256:968089d4584ad4ad7c171454f0a5c6dac23971e9472521ea3b6d49d610aa6fc0"
            ],
            "version": "==0.9.1"
        },
        "tqdm": {
            "hashes": [
                "sha256:abc25d0ce2397d070ef07d8c7e706aede7920da163c64997585d42d3537ece3d",
                "sha256:dd3fcca8488bb1d416aa7469d2f277902f26260c45aa86b667b074cd44b3b115"
            ],
            "version": "==4.36.1"
        },
        "twine": {
            "hashes": [
                "sha256:08eb132bbaec40c6d25b358f546ec1dc96ebd2638a86eea68769d9e67fe2b129",
                "sha256:2fd9a4d9ff0bcacf41fdc40c8cb0cfaef1f1859457c9653fd1b92237cc4e9f25"
            ],
            "index": "pypi",
            "version": "==1.11.0"
        },
        "urllib3": {
            "hashes": [
                "sha256:2393a695cd12afedd0dcb26fe5d50d0cf248e5a66f75dbd89a3d4eb333a61af4",
                "sha256:a637e5fae88995b256e3409dc4d52c2e2e0ba32c42a6365fee8bbd2238de3cfb"
            ],
            "version": "==1.24.3"
        }
    }
}
